<?xml version="1.0" encoding="UTF-8" standalone="yes" ?>
<CodeBlocks_project_file>
	<FileVersion major="1" minor="6" />
	<Project>
		<Option title="emulator" />
		<Option pch_mode="2" />
		<Option compiler="emscripten" />
		<Build>
			<Target title="Debug">
				<Option output="bin/Debug/emulator.html" prefix_auto="1" extension_auto="0" />
				<Option working_dir="bin/Debug" />
				<Option object_output="obj/Debug/" />
				<Option type="1" />
				<Option compiler="emscripten" />
				<Compiler>
					<Add option="-Wall" />
					<Add directory="./" />
				</Compiler>
			</Target>
			<Target title="Release">
				<Option output="bin/Release/emulator.html" prefix_auto="1" extension_auto="0" />
				<Option working_dir="bin/Release" />
				<Option object_output="obj/Release/" />
				<Option type="1" />
				<Option compiler="emscripten" />
				<Compiler>
					<Add option="-O3" />
					<Add option="-Wall" />
					<Add option="-flto" />
					<Add directory="./" />
				</Compiler>
				<Linker>
					<Add option="-flto" />
				</Linker>
			</Target>
		</Build>
		<Compiler>
			<Add option="-Wall" />
			<Add option="-s USE_SDL=2" />
			<Add option="-s USE_SDL_IMAGE=2" />
			<Add option="-s USE_SDL_TTF=2" />
		</Compiler>
		<Linker>
			<Add option="-s USE_SDL=2" />
			<Add option="-s USE_SDL_IMAGE=2" />
			<Add option="-s USE_SDL_TTF=2" />
			<Add option="--shell-file shell.html" />
			<Add option="--preload-file assets" />
			<Add option="--use-preload-plugins" />
			<Add option="-s ALLOW_MEMORY_GROWTH=1" />
			<Add option="-lidbfs.js" />
		</Linker>
		<Unit filename=".gitignore">
			<Option target="&lt;{~None~}&gt;" />
		</Unit>
		<Unit filename="Z80/Z80.cpp" />
		<Unit filename="Z80/Z80.h" />
		<Unit filename="Z80/Z80__Syms.cpp" />
		<Unit filename="Z80/Z80__Syms.h" />
		<Unit filename="Z80/Z80___024root.h" />
		<Unit filename="Z80/Z80___024root__DepSet_h394bf213__0.cpp" />
		<Unit filename="Z80/Z80___024root__DepSet_h394bf213__0__Slow.cpp" />
		<Unit filename="Z80/Z80___024root__DepSet_h394bf213__1.cpp" />
		<Unit filename="Z80/Z80___024root__DepSet_h394bf213__1__Slow.cpp" />
		<Unit filename="Z80/Z80___024root__Slow.cpp" />
		<Unit filename="Z80/svdpi.h" />
		<Unit filename="Z80/verilated.cpp" />
		<Unit filename="Z80/verilated.h" />
		<Unit filename="Z80/verilated_config.h" />
		<Unit filename="Z80/verilated_dpi.cpp" />
		<Unit filename="Z80/verilated_dpi.h" />
		<Unit filename="Z80/verilated_funcs.h" />
		<Unit filename="Z80/verilated_imp.h" />
		<Unit filename="Z80/verilated_sym_props.h" />
		<Unit filename="Z80/verilated_syms.h" />
		<Unit filename="Z80/verilated_types.h" />
		<Unit filename="Z80/verilatedos.h" />
		<Unit filename="actor.cpp" />
		<Unit filename="actor.hpp" />
		<Unit filename="assets/Dosis-Bold.ttf" />
		<Unit filename="assets/Dosis-ExtraBold.ttf" />
		<Unit filename="assets/Dosis-ExtraLight.ttf" />
		<Unit filename="assets/Dosis-Light.ttf" />
		<Unit filename="assets/Dosis-Medium.ttf" />
		<Unit filename="assets/Dosis-Regular.ttf" />
		<Unit filename="assets/Dosis-SemiBold.ttf" />
		<Unit filename="assets/button.png" />
		<Unit filename="assets/button.svg" />
		<Unit filename="assets/button_pressed.png" />
		<Unit filename="assets/button_pressed.svg" />
		<Unit filename="assets/dip_0.png" />
		<Unit filename="assets/dip_1.png" />
		<Unit filename="assets/dip_l.png" />
		<Unit filename="assets/dip_r.png" />
		<Unit filename="assets/dipswitch.svg" />
		<Unit filename="assets/led.png" />
		<Unit filename="assets/led_flat_green.png" />
		<Unit filename="assets/led_flat_green.svg" />
		<Unit filename="assets/led_flat_green_light.png" />
		<Unit filename="assets/led_flat_green_light.svg" />
		<Unit filename="assets/led_flat_red.png" />
		<Unit filename="assets/led_flat_red.svg" />
		<Unit filename="assets/led_flat_red_light.png" />
		<Unit filename="assets/led_flat_red_light.svg" />
		<Unit filename="assets/led_flat_yellow.png" />
		<Unit filename="assets/led_flat_yellow.svg" />
		<Unit filename="assets/led_flat_yellow_light.png" />
		<Unit filename="assets/led_flat_yellow_light.svg" />
		<Unit filename="assets/switch.png" />
		<Unit filename="assets/switch.svg" />
		<Unit filename="assets/switch_on.png" />
		<Unit filename="assets/switch_on.svg" />
		<Unit filename="bus.cpp" />
		<Unit filename="bus.hpp" />
		<Unit filename="busgate.cpp" />
		<Unit filename="busgate.hpp" />
		<Unit filename="button.cpp" />
		<Unit filename="button.hpp" />
		<Unit filename="cpu.cpp" />
		<Unit filename="cpu.hpp" />
		<Unit filename="dipswitch.cpp" />
		<Unit filename="dipswitch.hpp" />
		<Unit filename="label.cpp" />
		<Unit filename="label.hpp" />
		<Unit filename="led.cpp" />
		<Unit filename="led.hpp" />
		<Unit filename="ledrow.cpp" />
		<Unit filename="ledrow.hpp" />
		<Unit filename="main.cpp" />
		<Unit filename="memory.cpp" />
		<Unit filename="memory.hpp" />
		<Unit filename="orgate.cpp" />
		<Unit filename="orgate.hpp" />
		<Unit filename="resistor.cpp" />
		<Unit filename="resistor.hpp" />
		<Unit filename="scene.cpp" />
		<Unit filename="scene.hpp" />
		<Unit filename="shell.html" />
		<Unit filename="signal.cpp" />
		<Unit filename="signal.hpp" />
		<Unit filename="signalgate.cpp" />
		<Unit filename="signalgate.hpp" />
		<Unit filename="switch.cpp" />
		<Unit filename="switch.hpp" />
		<Extensions>
			<lib_finder disable_auto="1" />
		</Extensions>
	</Project>
</CodeBlocks_project_file>
